// !$*UTF8*$!
{
	archiveVersion = 1;
	classes = {
	};
	objectVersion = 46;
	objects = {

/* Begin PBXBuildFile section */
		DA5B601D1E4FA70400FC9D7F /* Hidden Password.cpp in Sources */ = {isa = PBXBuildFile; fileRef = DA5B601C1E4FA70400FC9D7F /* Hidden Password.cpp */; };
/* End PBXBuildFile section */

/* Begin PBXContainerItemProxy section */
		DAC683E71E4FCE8200655923 /* PBXContainerItemProxy */ = {
			isa = PBXContainerItemProxy;
			containerPortal = DAC683E31E4FCE8100655923 /* Timebomb.xcodeproj */;
			proxyType = 2;
			remoteGlobalIDString = DAC683D91E4FCE8100655923;
			remoteInfo = Timebomb;
		};
/* End PBXContainerItemProxy section */

/* Begin PBXCopyFilesBuildPhase section */
		DADBCC851E4F94DD0031A861 /* CopyFiles */ = {
			isa = PBXCopyFilesBuildPhase;
			buildActionMask = 2147483647;
			dstPath = /usr/share/man/man1/;
			dstSubfolderSpec = 0;
			files = (
			);
			runOnlyForDeploymentPostprocessing = 1;
		};
/* End PBXCopyFilesBuildPhase section */

/* Begin PBXFileReference section */
		DA5B601C1E4FA70400FC9D7F /* Hidden Password.cpp */ = {isa = PBXFileReference; fileEncoding = 4; lastKnownFileType = sourcecode.cpp.cpp; path = "Hidden Password.cpp"; sourceTree = "<group>"; };
		DAC683E31E4FCE8100655923 /* Timebomb.xcodeproj */ = {isa = PBXFileReference; lastKnownFileType = "wrapper.pb-project"; name = Timebomb.xcodeproj; path = ../../Timebomb/Timebomb.xcodeproj; sourceTree = "<group>"; };
		DADBCC871E4F94DD0031A861 /* Feb11 Contest Group */ = {isa = PBXFileReference; explicitFileType = "compiled.mach-o.executable"; includeInIndex = 0; path = "Feb11 Contest Group"; sourceTree = BUILT_PRODUCTS_DIR; };
/* End PBXFileReference section */

/* Begin PBXFrameworksBuildPhase section */
		DADBCC841E4F94DD0031A861 /* Frameworks */ = {
			isa = PBXFrameworksBuildPhase;
			buildActionMask = 2147483647;
			files = (
			);
			runOnlyForDeploymentPostprocessing = 0;
		};
/* End PBXFrameworksBuildPhase section */

/* Begin PBXGroup section */
		DAC683E41E4FCE8100655923 /* Products */ = {
			isa = PBXGroup;
			children = (
				DAC683E81E4FCE8200655923 /* Timebomb */,
			);
			name = Products;
			sourceTree = "<group>";
		};
		DADBCC7E1E4F94DD0031A861 = {
			isa = PBXGroup;
			children = (
				DADBCC891E4F94DD0031A861 /* Feb11 Contest Group */,
				DADBCC881E4F94DD0031A861 /* Products */,
			);
			sourceTree = "<group>";
		};
		DADBCC881E4F94DD0031A861 /* Products */ = {
			isa = PBXGroup;
			children = (
				DADBCC871E4F94DD0031A861 /* Feb11 Contest Group */,
			);
			name = Products;
			sourceTree = "<group>";
		};
		DADBCC891E4F94DD0031A861 /* Feb11 Contest Group */ = {
			isa = PBXGroup;
			children = (
				DA5B601C1E4FA70400FC9D7F /* Hidden Password.cpp */,
				DAC683E31E4FCE8100655923 /* Timebomb.xcodeproj */,
			);
			path = "Feb11 Contest Group";
			sourceTree = "<group>";
		};
/* End PBXGroup section */

/* Begin PBXNativeTarget section */
		DADBCC861E4F94DD0031A861 /* Feb11 Contest Group */ = {
			isa = PBXNativeTarget;
			buildConfigurationList = DADBCC8E1E4F94DD0031A861 /* Build configuration list for PBXNativeTarget "Feb11 Contest Group" */;
			buildPhases = (
				DADBCC831E4F94DD0031A861 /* Sources */,
				DADBCC841E4F94DD0031A861 /* Frameworks */,
				DADBCC851E4F94DD0031A861 /* CopyFiles */,
			);
			buildRules = (
			);
			dependencies = (
			);
			name = "Feb11 Contest Group";
			productName = "Feb11 Contest Group";
			productReference = DADBCC871E4F94DD0031A861 /* Feb11 Contest Group */;
			productType = "com.apple.product-type.tool";
		};
/* End PBXNativeTarget section */

/* Begin PBXProject section */
		DADBCC7F1E4F94DD0031A861 /* Project object */ = {
			isa = PBXProject;
			attributes = {
				LastUpgradeCheck = 0820;
				ORGANIZATIONNAME = "Alberto Cabello";
				TargetAttributes = {
					DADBCC861E4F94DD0031A861 = {
						CreatedOnToolsVersion = 8.2.1;
						DevelopmentTeam = 6Q9UDY3K2L;
						ProvisioningStyle = Automatic;
					};
				};
			};
			buildConfigurationList = DADBCC821E4F94DD0031A861 /* Build configuration list for PBXProject "Feb11 Contest Group" */;
			compatibilityVersion = "Xcode 3.2";
			developmentRegion = English;
			hasScannedForEncodings = 0;
			knownRegions = (
				en,
			);
			mainGroup = DADBCC7E1E4F94DD0031A861;
			productRefGroup = DADBCC881E4F94DD0031A861 /* Products */;
			projectDirPath = "";
			projectReferences = (
				{
					ProductGroup = DAC683E41E4FCE8100655923 /* Products */;
					ProjectRef = DAC683E31E4FCE8100655923 /* Timebomb.xcodeproj */;
				},
			);
			projectRoot = "";
			targets = (
				DADBCC861E4F94DD0031A861 /* Feb11 Contest Group */,
			);
		};
/* End PBXProject section */

/* Begin PBXReferenceProxy section */
		DAC683E81E4FCE8200655923 /* Timebomb */ = {
			isa = PBXReferenceProxy;
			fileType = "compiled.mach-o.executable";
			path = Timebomb;
			remoteRef = DAC683E71E4FCE8200655923 /* PBXContainerItemProxy */;
			sourceTree = BUILT_PRODUCTS_DIR;
		};
/* End PBXReferenceProxy section */

/* Begin PBXSourcesBuildPhase section */
		DADBCC831E4F94DD0031A861 /* Sources */ = {
			isa = PBXSourcesBuildPhase;
			buildActionMask = 2147483647;
			files = (
				DA5B601D1E4FA70400FC9D7F /* Hidden Password.cpp in Sources */,
			);
			runOnlyForDeploymentPostprocessing = 0;
		};
/* End PBXSourcesBuildPhase section */

/* Begin XCBuildConfiguration section */
		DADBCC8C1E4F94DD0031A861 /* Debug */ = {
			isa = XCBuildConfiguration;
			buildSettings = {
				ALWAYS_SEARCH_USER_PATHS = NO;
				CLANG_ANALYZER_NONNULL = YES;
				CLANG_CXX_LANGUAGE_STANDARD = "gnu++0x";
				CLANG_CXX_LIBRARY = "libc++";
				CLANG_ENABLE_MODULES = YES;
				CLANG_ENABLE_OBJC_ARC = YES;
				CLANG_WARN_BOOL_CONVERSION = YES;
				CLANG_WARN_CONSTANT_CONVERSION = YES;
				CLANG_WARN_DIRECT_OBJC_ISA_USAGE = YES_ERROR;
				CLANG_WARN_DOCUMENTATION_COMMENTS = YES;
				CLANG_WARN_EMPTY_BODY = YES;
				CLANG_WARN_ENUM_CONVERSION = YES;
				CLANG_WARN_INFINITE_RECURSION = YES;
				CLANG_WARN_INT_CONVERSION = YES;
				CLANG_WARN_OBJC_ROOT_CLASS = YES_ERROR;
				CLANG_WARN_SUSPICIOUS_MOVE = YES;
				CLANG_WARN_UNREACHABLE_CODE = YES;
				CLANG_WARN__DUPLICATE_METHOD_MATCH = YES;
				CODE_SIGN_IDENTITY = "-";
				COPY_PHASE_STRIP = NO;
				DEBUG_INFORMATION_FORMAT = dwarf;
				ENABLE_STRICT_OBJC_MSGSEND = YES;
				ENABLE_TESTABILITY = YES;
				GCC_C_LANGUAGE_STANDARD = gnu99;
				GCC_DYNAMIC_NO_PIC = NO;
				GCC_NO_COMMON_BLOCKS = YES;
				GCC_OPTIMIZATION_LEVEL = 0;
				GCC_PREPROCESSOR_DEFINITIONS = (
					"DEBUG=1",
					"$(inherited)",
				);
				GCC_WARN_64_TO_32_BIT_CONVERSION = YES;
				GCC_WARN_ABOUT_RETURN_TYPE = YES_ERROR;
				GCC_WARN_UNDECLARED_SELECTOR = YES;
				GCC_WARN_UNINITIALIZED_AUTOS = YES_AGGRESSIVE;
				GCC_WARN_UNUSED_FUNCTION = YES;
				GCC_WARN_UNUSED_VARIABLE = YES;
				MACOSX_DEPLOYMENT_TARGET = 10.12;
				MTL_ENABLE_DEBUG_INFO = YES;
				ONLY_ACTIVE_ARCH = YES;
				SDKROOT = macosx;
			};
			name = Debug;
		};
		DADBCC8D1E4F94DD0031A861 /* Release */ = {
			isa = XCBuildConfiguration;
			buildSettings = {
				ALWAYS_SEARCH_USER_PATHS = NO;
				CLANG_ANALYZER_NONNULL = YES;
				CLANG_CXX_LANGUAGE_STANDARD = "gnu++0x";
				CLANG_CXX_LIBRARY = "libc++";
				CLANG_ENABLE_MODULES = YES;
				CLANG_ENABLE_OBJC_ARC = YES;
				CLANG_WARN_BOOL_CONVERSION = YES;
				CLANG_WARN_CONSTANT_CONVERSION = YES;
				CLANG_WARN_DIRECT_OBJC_ISA_USAGE = YES_ERROR;
				CLANG_WARN_DOCUMENTATION_COMMENTS = YES;
				CLANG_WARN_EMPTY_BODY = YES;
				CLANG_WARN_ENUM_CONVERSION = YES;
				CLANG_WARN_INFINITE_RECURSION = YES;
				CLANG_WARN_INT_CONVERSION = YES;
				CLANG_WARN_OBJC_ROOT_CLASS = YES_ERROR;
				CLANG_WARN_SUSPICIOUS_MOVE = YES;
				CLANG_WARN_UNREACHABLE_CODE = YES;
				CLANG_WARN__DUPLICATE_METHOD_MATCH = YES;
				CODE_SIGN_IDENTITY = "-";
				COPY_PHASE_STRIP = NO;
				DEBUG_INFORMATION_FORMAT = "dwarf-with-dsym";
				ENABLE_NS_ASSERTIONS = NO;
				ENABLE_STRICT_OBJC_MSGSEND = YES;
				GCC_C_LANGUAGE_STANDARD = gnu99;
				GCC_NO_COMMON_BLOCKS = YES;
				GCC_WARN_64_TO_32_BIT_CONVERSION = YES;
				GCC_WARN_ABOUT_RETURN_TYPE = YES_ERROR;
				GCC_WARN_UNDECLARED_SELECTOR = YES;
				GCC_WARN_UNINITIALIZED_AUTOS = YES_AGGRESSIVE;
				GCC_WARN_UNUSED_FUNCTION = YES;
				GCC_WARN_UNUSED_VARIABLE = YES;
				MACOSX_DEPLOYMENT_TARGET = 10.12;
				MTL_ENABLE_DEBUG_INFO = NO;
				SDKROOT = macosx;
			};
			name = Release;
		};
		DADBCC8F1E4F94DD0031A861 /* Debug */ = {
			isa = XCBuildConfiguration;
			buildSettings = {
				DEVELOPMENT_TEAM = 6Q9UDY3K2L;
				PRODUCT_NAME = "$(TARGET_NAME)";
			};
			name = Debug;
		};
		DADBCC901E4F94DD0031A861 /* Release */ = {
			isa = XCBuildConfiguration;
			buildSettings = {
				DEVELOPMENT_TEAM = 6Q9UDY3K2L;
				PRODUCT_NAME = "$(TARGET_NAME)";
			};
			name = Release;
		};
/* End XCBuildConfiguration section */

/* Begin XCConfigurationList section */
		DADBCC821E4F94DD0031A861 /* Build configuration list for PBXProject "Feb11 Contest Group" */ = {
			isa = XCConfigurationList;
			buildConfigurations = (
				DADBCC8C1E4F94DD0031A861 /* Debug */,
				DADBCC8D1E4F94DD0031A861 /* Release */,
			);
			defaultConfigurationIsVisible = 0;
			defaultConfigurationName = Release;
		};
		DADBCC8E1E4F94DD0031A861 /* Build configuration list for PBXNativeTarget "Feb11 Contest Group" */ = {
			isa = XCConfigurationList;
			buildConfigurations = (
				DADBCC8F1E4F94DD0031A861 /* Debug */,
				DADBCC901E4F94DD0031A861 /* Release */,
			);
			defaultConfigurationIsVisible = 0;
			defaultConfigurationName = Release;
		};
/* End XCConfigurationList section */
	};
	rootObject = DADBCC7F1E4F94DD0031A861 /* Project object */;
}
